{
  "name": "soomaps-data",
  "version": "1.0.0",
  "lockfileVersion": 2,
  "requires": true,
  "packages": {
    "": {
      "name": "soomaps-data",
      "version": "1.0.0",
      "dependencies": {
        "@arcgis/core": "^4.26.0",
        "@esri/arcgis-rest-request": "^4.1.2",
        "json2csv": "^5.0.7"
      },
      "devDependencies": {
        "@types/json2csv": "^5.0.3"
      }
    },
    "node_modules/@arcgis/core": {
      "version": "4.26.0",
      "resolved": "https://registry.npmjs.org/@arcgis/core/-/core-4.26.0.tgz",
      "integrity": "sha512-aJ94yqlMEJIhdt6uEPnR3SZXFQqqe/K1oXeyj4GvfoGAhN81oWy5MgYGBHrZNxsjwv+sDzu8qgtzg/oq+S21eQ==",
      "dependencies": {
        "@esri/arcgis-html-sanitizer": "~3.0.1",
        "@esri/calcite-colors": "~6.1.0",
        "@esri/calcite-components": "~1.0.7",
        "@popperjs/core": "~2.11.6",
        "focus-trap": "~7.2.0",
        "luxon": "~3.2.1",
        "sortablejs": "~1.15.0"
      }
    },
    "node_modules/@esri/arcgis-html-sanitizer": {
      "version": "3.0.1",
      "resolved": "https://registry.npmjs.org/@esri/arcgis-html-sanitizer/-/arcgis-html-sanitizer-3.0.1.tgz",
      "integrity": "sha512-cwZJwsYCJZwtBQU2AmaiIVFg5nZcVwInPYja1/OgC9iKYO+ytZRoc5h+0S9/ygbFNoS8Nd0RX9A85stLX/BgiA==",
      "dependencies": {
        "xss": "1.0.13"
      }
    },
    "node_modules/@esri/arcgis-rest-fetch": {
      "version": "4.0.0",
      "resolved": "https://registry.npmjs.org/@esri/arcgis-rest-fetch/-/arcgis-rest-fetch-4.0.0.tgz",
      "integrity": "sha512-ybsMO2L4cxx0IaIx0jv6/VbXidZmQIiGD3bvPF1/n1Y1ljHIhCvX+ti54cQSfg/HW2+VAVVnt8EPD/omVhNAyg==",
      "dependencies": {
        "node-fetch": "^3.0.0"
      }
    },
    "node_modules/@esri/arcgis-rest-form-data": {
      "version": "4.0.0",
      "resolved": "https://registry.npmjs.org/@esri/arcgis-rest-form-data/-/arcgis-rest-form-data-4.0.0.tgz",
      "integrity": "sha512-cAS9HONIJgseCDdgRCIHBR4CE/OQXZIRP3FoNx/w+XyjVqK6yQiwCeXpYLfHeEZ6GEQqrA9XUBxifWG9UaJyXA==",
      "dependencies": {
        "formdata-node": "^4.1.0"
      }
    },
    "node_modules/@esri/arcgis-rest-request": {
      "version": "4.1.2",
      "resolved": "https://registry.npmjs.org/@esri/arcgis-rest-request/-/arcgis-rest-request-4.1.2.tgz",
      "integrity": "sha512-suyJ+026sut+PvwVOlw9diArI1T8M48M6NnuIp5FilFoq7P8l0D0KZGeDClUA9hNTvnY1JnpzQnf0Bx0uoJX4Q==",
      "dependencies": {
        "@esri/arcgis-rest-fetch": "^4.0.0",
        "@esri/arcgis-rest-form-data": "^4.0.0",
        "mitt": "^3.0.0",
        "tslib": "^2.3.1"
      },
      "engines": {
        "node": ">=12.20.0"
      }
    },
    "node_modules/@esri/calcite-colors": {
      "version": "6.1.0",
      "resolved": "https://registry.npmjs.org/@esri/calcite-colors/-/calcite-colors-6.1.0.tgz",
      "integrity": "sha512-wHQYWFtDa6c328EraXEVZvgOiaQyYr0yuaaZ0G3cB4C3lSkWefW34L/e5TLAhtuG3zJ/wR6pl5X1YYNfBc0/4Q=="
    },
    "node_modules/@esri/calcite-components": {
      "version": "1.0.7",
      "resolved": "https://registry.npmjs.org/@esri/calcite-components/-/calcite-components-1.0.7.tgz",
      "integrity": "sha512-Ucw0Ly+hvWl4RDMEcHAv2amMItgMYzCGfJS5M7gnIu9bEXcY2Areo+o0KaqvvdAcIjChsRY9fy05ke3ypw0tuA==",
      "dependencies": {
        "@floating-ui/dom": "1.1.0",
        "@stencil/core": "2.20.0",
        "@types/color": "3.0.3",
        "color": "4.2.3",
        "focus-trap": "7.2.0",
        "form-request-submit-polyfill": "2.0.0",
        "lodash-es": "4.17.21",
        "sortablejs": "1.15.0"
      }
    },
    "node_modules/@floating-ui/core": {
      "version": "1.2.1",
      "resolved": "https://registry.npmjs.org/@floating-ui/core/-/core-1.2.1.tgz",
      "integrity": "sha512-LSqwPZkK3rYfD7GKoIeExXOyYx6Q1O4iqZWwIehDNuv3Dv425FIAE8PRwtAx1imEolFTHgBEcoFHm9MDnYgPCg=="
    },
    "node_modules/@floating-ui/dom": {
      "version": "1.1.0",
      "resolved": "https://registry.npmjs.org/@floating-ui/dom/-/dom-1.1.0.tgz",
      "integrity": "sha512-TSogMPVxbRe77QCj1dt8NmRiJasPvuc+eT5jnJ6YpLqgOD2zXc5UA3S1qwybN+GVCDNdKfpKy1oj8RpzLJvh6A==",
      "dependencies": {
        "@floating-ui/core": "^1.0.5"
      }
    },
    "node_modules/@popperjs/core": {
      "version": "2.11.6",
      "resolved": "https://registry.npmjs.org/@popperjs/core/-/core-2.11.6.tgz",
      "integrity": "sha512-50/17A98tWUfQ176raKiOGXuYpLyyVMkxxG6oylzL3BPOlA6ADGdK7EYunSa4I064xerltq9TGXs8HmOk5E+vw==",
      "funding": {
        "type": "opencollective",
        "url": "https://opencollective.com/popperjs"
      }
    },
    "node_modules/@stencil/core": {
      "version": "2.20.0",
      "resolved": "https://registry.npmjs.org/@stencil/core/-/core-2.20.0.tgz",
      "integrity": "sha512-ka+eOW+dNteXIfLCRipNbbAlBEQjqJ2fkx3fxzlKgnNHEQMdZiuIjlWt63KzvOJStNeuADdQXo89BB1dC2VRUw==",
      "bin": {
        "stencil": "bin/stencil"
      },
      "engines": {
        "node": ">=12.10.0",
        "npm": ">=6.0.0"
      }
    },
    "node_modules/@types/color": {
      "version": "3.0.3",
      "resolved": "https://registry.npmjs.org/@types/color/-/color-3.0.3.tgz",
      "integrity": "sha512-X//qzJ3d3Zj82J9sC/C18ZY5f43utPbAJ6PhYt/M7uG6etcF6MRpKdN880KBy43B0BMzSfeT96MzrsNjFI3GbA==",
      "dependencies": {
        "@types/color-convert": "*"
      }
    },
    "node_modules/@types/color-convert": {
      "version": "2.0.0",
      "resolved": "https://registry.npmjs.org/@types/color-convert/-/color-convert-2.0.0.tgz",
      "integrity": "sha512-m7GG7IKKGuJUXvkZ1qqG3ChccdIM/qBBo913z+Xft0nKCX4hAU/IxKwZBU4cpRZ7GS5kV4vOblUkILtSShCPXQ==",
      "dependencies": {
        "@types/color-name": "*"
      }
    },
    "node_modules/@types/color-name": {
      "version": "1.1.1",
      "resolved": "https://registry.npmjs.org/@types/color-name/-/color-name-1.1.1.tgz",
      "integrity": "sha512-rr+OQyAjxze7GgWrSaJwydHStIhHq2lvY3BOC2Mj7KnzI7XK0Uw1TOOdI9lDoajEbSWLiYgoo4f1R51erQfhPQ=="
    },
    "node_modules/@types/json2csv": {
      "version": "5.0.3",
      "resolved": "https://registry.npmjs.org/@types/json2csv/-/json2csv-5.0.3.tgz",
      "integrity": "sha512-ZJEv6SzhPhgpBpxZU4n/TZekbZqI4EcyXXRwms1lAITG2kIAtj85PfNYafUOY1zy8bWs5ujaub0GU4copaA0sw==",
      "dev": true,
      "dependencies": {
        "@types/node": "*"
      }
    },
    "node_modules/@types/node": {
      "version": "17.0.25",
      "resolved": "https://registry.npmjs.org/@types/node/-/node-17.0.25.tgz",
      "integrity": "sha512-wANk6fBrUwdpY4isjWrKTufkrXdu1D2YHCot2fD/DfWxF5sMrVSA+KN7ydckvaTCh0HiqX9IVl0L5/ZoXg5M7w==",
      "dev": true
    },
    "node_modules/color": {
      "version": "4.2.3",
      "resolved": "https://registry.npmjs.org/color/-/color-4.2.3.tgz",
      "integrity": "sha512-1rXeuUUiGGrykh+CeBdu5Ie7OJwinCgQY0bc7GCRxy5xVHy+moaqkpL/jqQq0MtQOeYcrqEz4abc5f0KtU7W4A==",
      "dependencies": {
        "color-convert": "^2.0.1",
        "color-string": "^1.9.0"
      },
      "engines": {
        "node": ">=12.5.0"
      }
    },
    "node_modules/color-convert": {
      "version": "2.0.1",
      "resolved": "https://registry.npmjs.org/color-convert/-/color-convert-2.0.1.tgz",
      "integrity": "sha512-RRECPsj7iu/xb5oKYcsFHSppFNnsj/52OVTRKb4zP5onXwVF3zVmmToNcOfGC+CRDpfK/U584fMg38ZHCaElKQ==",
      "dependencies": {
        "color-name": "~1.1.4"
      },
      "engines": {
        "node": ">=7.0.0"
      }
    },
    "node_modules/color-name": {
      "version": "1.1.4",
      "resolved": "https://registry.npmjs.org/color-name/-/color-name-1.1.4.tgz",
      "integrity": "sha512-dOy+3AuW3a2wNbZHIuMZpTcgjGuLU/uBL/ubcZF9OXbDo8ff4O8yVp5Bf0efS8uEoYo5q4Fx7dY9OgQGXgAsQA=="
    },
    "node_modules/color-string": {
      "version": "1.9.1",
      "resolved": "https://registry.npmjs.org/color-string/-/color-string-1.9.1.tgz",
      "integrity": "sha512-shrVawQFojnZv6xM40anx4CkoDP+fZsw/ZerEMsW/pyzsRbElpsL/DBVW7q3ExxwusdNXI3lXpuhEZkzs8p5Eg==",
      "dependencies": {
        "color-name": "^1.0.0",
        "simple-swizzle": "^0.2.2"
      }
    },
    "node_modules/commander": {
      "version": "6.2.1",
      "resolved": "https://registry.npmjs.org/commander/-/commander-6.2.1.tgz",
      "integrity": "sha512-U7VdrJFnJgo4xjrHpTzu0yrHPGImdsmD95ZlgYSEajAn2JKzDhDTPG9kBTefmObL2w/ngeZnilk+OV9CG3d7UA==",
      "engines": {
        "node": ">= 6"
      }
    },
    "node_modules/cssfilter": {
      "version": "0.0.10",
      "resolved": "https://registry.npmjs.org/cssfilter/-/cssfilter-0.0.10.tgz",
      "integrity": "sha512-FAaLDaplstoRsDR8XGYH51znUN0UY7nMc6Z9/fvE8EXGwvJE9hu7W2vHwx1+bd6gCYnln9nLbzxFTrcO9YQDZw=="
    },
    "node_modules/data-uri-to-buffer": {
      "version": "4.0.0",
      "resolved": "https://registry.npmjs.org/data-uri-to-buffer/-/data-uri-to-buffer-4.0.0.tgz",
      "integrity": "sha512-Vr3mLBA8qWmcuschSLAOogKgQ/Jwxulv3RNE4FXnYWRGujzrRWQI4m12fQqRkwX06C0KanhLr4hK+GydchZsaA==",
      "engines": {
        "node": ">= 12"
      }
    },
    "node_modules/fetch-blob": {
      "version": "3.1.5",
      "resolved": "https://registry.npmjs.org/fetch-blob/-/fetch-blob-3.1.5.tgz",
      "integrity": "sha512-N64ZpKqoLejlrwkIAnb9iLSA3Vx/kjgzpcDhygcqJ2KKjky8nCgUQ+dzXtbrLaWZGZNmNfQTsiQ0weZ1svglHg==",
      "funding": [
        {
          "type": "github",
          "url": "https://github.com/sponsors/jimmywarting"
        },
        {
          "type": "paypal",
          "url": "https://paypal.me/jimmywarting"
        }
      ],
      "dependencies": {
        "node-domexception": "^1.0.0",
        "web-streams-polyfill": "^3.0.3"
      },
      "engines": {
        "node": "^12.20 || >= 14.13"
      }
    },
    "node_modules/fetch-blob/node_modules/web-streams-polyfill": {
      "version": "3.2.1",
      "resolved": "https://registry.npmjs.org/web-streams-polyfill/-/web-streams-polyfill-3.2.1.tgz",
      "integrity": "sha512-e0MO3wdXWKrLbL0DgGnUV7WHVuw9OUvL4hjgnPkIeEvESk74gAITi5G606JtZPp39cd8HA9VQzCIvA49LpPN5Q==",
      "engines": {
        "node": ">= 8"
      }
    },
    "node_modules/focus-trap": {
      "version": "7.2.0",
      "resolved": "https://registry.npmjs.org/focus-trap/-/focus-trap-7.2.0.tgz",
      "integrity": "sha512-v4wY6HDDYvzkBy4735kW5BUEuw6Yz9ABqMYLuTNbzAFPcBOGiGHwwcNVMvUz4G0kgSYh13wa/7TG3XwTeT4O/A==",
      "dependencies": {
        "tabbable": "^6.0.1"
      }
    },
    "node_modules/form-request-submit-polyfill": {
      "version": "2.0.0",
      "resolved": "https://registry.npmjs.org/form-request-submit-polyfill/-/form-request-submit-polyfill-2.0.0.tgz",
      "integrity": "sha512-p0+M92y2gFnP0AuuL8VJ0GYVzAT0bYp3GsSkmPFhvUopdnfDLP/9xplQTBBc4w8qOjKRzdK7GaFcdL9IhlXdTQ=="
    },
    "node_modules/formdata-node": {
      "version": "4.3.2",
      "resolved": "https://registry.npmjs.org/formdata-node/-/formdata-node-4.3.2.tgz",
      "integrity": "sha512-k7lYJyzDOSL6h917favP8j1L0/wNyylzU+x+1w4p5haGVHNlP58dbpdJhiCUsDbWsa9HwEtLp89obQgXl2e0qg==",
      "dependencies": {
        "node-domexception": "1.0.0",
        "web-streams-polyfill": "4.0.0-beta.1"
      },
      "engines": {
        "node": ">= 12.20"
      }
    },
    "node_modules/formdata-polyfill": {
      "version": "4.0.10",
      "resolved": "https://registry.npmjs.org/formdata-polyfill/-/formdata-polyfill-4.0.10.tgz",
      "integrity": "sha512-buewHzMvYL29jdeQTVILecSaZKnt/RJWjoZCF5OW60Z67/GmSLBkOFM7qh1PI3zFNtJbaZL5eQu1vLfazOwj4g==",
      "dependencies": {
        "fetch-blob": "^3.1.2"
      },
      "engines": {
        "node": ">=12.20.0"
      }
    },
    "node_modules/is-arrayish": {
      "version": "0.3.2",
      "resolved": "https://registry.npmjs.org/is-arrayish/-/is-arrayish-0.3.2.tgz",
      "integrity": "sha512-eVRqCvVlZbuw3GrM63ovNSNAeA1K16kaR/LRY/92w0zxQ5/1YzwblUX652i4Xs9RwAGjW9d9y6X88t8OaAJfWQ=="
    },
    "node_modules/json2csv": {
      "version": "5.0.7",
      "resolved": "https://registry.npmjs.org/json2csv/-/json2csv-5.0.7.tgz",
      "integrity": "sha512-YRZbUnyaJZLZUJSRi2G/MqahCyRv9n/ds+4oIetjDF3jWQA7AG7iSeKTiZiCNqtMZM7HDyt0e/W6lEnoGEmMGA==",
      "dependencies": {
        "commander": "^6.1.0",
        "jsonparse": "^1.3.1",
        "lodash.get": "^4.4.2"
      },
      "bin": {
        "json2csv": "bin/json2csv.js"
      },
      "engines": {
        "node": ">= 10",
        "npm": ">= 6.13.0"
      }
    },
    "node_modules/jsonparse": {
      "version": "1.3.1",
      "resolved": "https://registry.npmjs.org/jsonparse/-/jsonparse-1.3.1.tgz",
      "integrity": "sha1-P02uSpH6wxX3EGL4UhzCOfE2YoA=",
      "engines": [
        "node >= 0.2.0"
      ]
    },
    "node_modules/lodash-es": {
      "version": "4.17.21",
      "resolved": "https://registry.npmjs.org/lodash-es/-/lodash-es-4.17.21.tgz",
      "integrity": "sha512-mKnC+QJ9pWVzv+C4/U3rRsHapFfHvQFoFB92e52xeyGMcX6/OlIl78je1u8vePzYZSkkogMPJ2yjxxsb89cxyw=="
    },
    "node_modules/lodash.get": {
      "version": "4.4.2",
      "resolved": "https://registry.npmjs.org/lodash.get/-/lodash.get-4.4.2.tgz",
      "integrity": "sha1-LRd/ZS+jHpObRDjVNBSZ36OCXpk="
    },
    "node_modules/luxon": {
      "version": "3.2.1",
      "resolved": "https://registry.npmjs.org/luxon/-/luxon-3.2.1.tgz",
      "integrity": "sha512-QrwPArQCNLAKGO/C+ZIilgIuDnEnKx5QYODdDtbFaxzsbZcc/a7WFq7MhsVYgRlwawLtvOUESTlfJ+hc/USqPg==",
      "engines": {
        "node": ">=12"
      }
    },
    "node_modules/mitt": {
      "version": "3.0.0",
      "resolved": "https://registry.npmjs.org/mitt/-/mitt-3.0.0.tgz",
      "integrity": "sha512-7dX2/10ITVyqh4aOSVI9gdape+t9l2/8QxHrFmUXu4EEUpdlxl6RudZUPZoc+zuY2hk1j7XxVroIVIan/pD/SQ=="
    },
    "node_modules/node-domexception": {
      "version": "1.0.0",
      "resolved": "https://registry.npmjs.org/node-domexception/-/node-domexception-1.0.0.tgz",
      "integrity": "sha512-/jKZoMpw0F8GRwl4/eLROPA3cfcXtLApP0QzLmUT/HuPCZWyB7IY9ZrMeKw2O/nFIqPQB3PVM9aYm0F312AXDQ==",
      "funding": [
        {
          "type": "github",
          "url": "https://github.com/sponsors/jimmywarting"
        },
        {
          "type": "github",
          "url": "https://paypal.me/jimmywarting"
        }
      ],
      "engines": {
        "node": ">=10.5.0"
      }
    },
    "node_modules/node-fetch": {
      "version": "3.3.0",
      "resolved": "https://registry.npmjs.org/node-fetch/-/node-fetch-3.3.0.tgz",
      "integrity": "sha512-BKwRP/O0UvoMKp7GNdwPlObhYGB5DQqwhEDQlNKuoqwVYSxkSZCSbHjnFFmUEtwSKRPU4kNK8PbDYYitwaE3QA==",
      "dependencies": {
        "data-uri-to-buffer": "^4.0.0",
        "fetch-blob": "^3.1.4",
        "formdata-polyfill": "^4.0.10"
      },
      "engines": {
        "node": "^12.20.0 || ^14.13.1 || >=16.0.0"
      },
      "funding": {
        "type": "opencollective",
        "url": "https://opencollective.com/node-fetch"
      }
    },
    "node_modules/simple-swizzle": {
      "version": "0.2.2",
      "resolved": "https://registry.npmjs.org/simple-swizzle/-/simple-swizzle-0.2.2.tgz",
      "integrity": "sha512-JA//kQgZtbuY83m+xT+tXJkmJncGMTFT+C+g2h2R9uxkYIrE2yy9sgmcLhCnw57/WSD+Eh3J97FPEDFnbXnDUg==",
      "dependencies": {
        "is-arrayish": "^0.3.1"
      }
    },
    "node_modules/sortablejs": {
      "version": "1.15.0",
      "resolved": "https://registry.npmjs.org/sortablejs/-/sortablejs-1.15.0.tgz",
      "integrity": "sha512-bv9qgVMjUMf89wAvM6AxVvS/4MX3sPeN0+agqShejLU5z5GX4C75ow1O2e5k4L6XItUyAK3gH6AxSbXrOM5e8w=="
    },
    "node_modules/tabbable": {
      "version": "6.1.1",
      "resolved": "https://registry.npmjs.org/tabbable/-/tabbable-6.1.1.tgz",
      "integrity": "sha512-4kl5w+nCB44EVRdO0g/UGoOp3vlwgycUVtkk/7DPyeLZUCuNFFKCFG6/t/DgHLrUPHjrZg6s5tNm+56Q2B0xyg=="
    },
    "node_modules/tslib": {
      "version": "2.4.0",
      "resolved": "https://registry.npmjs.org/tslib/-/tslib-2.4.0.tgz",
      "integrity": "sha512-d6xOpEDfsi2CZVlPQzGeux8XMwLT9hssAsaPYExaQMuYskwb+x1x7J371tWlbBdWHroy99KnVB6qIkUbs5X3UQ=="
    },
    "node_modules/web-streams-polyfill": {
      "version": "4.0.0-beta.1",
      "resolved": "https://registry.npmjs.org/web-streams-polyfill/-/web-streams-polyfill-4.0.0-beta.1.tgz",
      "integrity": "sha512-3ux37gEX670UUphBF9AMCq8XM6iQ8Ac6A+DSRRjDoRBm1ufCkaCDdNVbaqq60PsEkdNlLKrGtv/YBP4EJXqNtQ==",
      "engines": {
        "node": ">= 12"
      }
    },
    "node_modules/xss": {
      "version": "1.0.13",
      "resolved": "https://registry.npmjs.org/xss/-/xss-1.0.13.tgz",
      "integrity": "sha512-clu7dxTm1e8Mo5fz3n/oW3UCXBfV89xZ72jM8yzo1vR/pIS0w3sgB3XV2H8Vm6zfGnHL0FzvLJPJEBhd86/z4Q==",
      "dependencies": {
        "commander": "^2.20.3",
        "cssfilter": "0.0.10"
      },
      "bin": {
        "xss": "bin/xss"
      },
      "engines": {
        "node": ">= 0.10.0"
      }
    },
    "node_modules/xss/node_modules/commander": {
      "version": "2.20.3",
      "resolved": "https://registry.npmjs.org/commander/-/commander-2.20.3.tgz",
      "integrity": "sha512-GpVkmM8vF2vQUkj2LvZmD35JxeJOLCwJ9cUkugyk2nuhbv3+mJvpLYYt+0+USMxE+oj+ey/lJEnhZw75x/OMcQ=="
    }
  },
  "dependencies": {
    "@arcgis/core": {
      "version": "4.26.0",
      "resolved": "https://registry.npmjs.org/@arcgis/core/-/core-4.26.0.tgz",
      "integrity": "sha512-aJ94yqlMEJIhdt6uEPnR3SZXFQqqe/K1oXeyj4GvfoGAhN81oWy5MgYGBHrZNxsjwv+sDzu8qgtzg/oq+S21eQ==",
      "requires": {
        "@esri/arcgis-html-sanitizer": "~3.0.1",
        "@esri/calcite-colors": "~6.1.0",
        "@esri/calcite-components": "~1.0.7",
        "@popperjs/core": "~2.11.6",
        "focus-trap": "~7.2.0",
        "luxon": "~3.2.1",
        "sortablejs": "~1.15.0"
      }
    },
    "@esri/arcgis-html-sanitizer": {
      "version": "3.0.1",
      "resolved": "https://registry.npmjs.org/@esri/arcgis-html-sanitizer/-/arcgis-html-sanitizer-3.0.1.tgz",
      "integrity": "sha512-cwZJwsYCJZwtBQU2AmaiIVFg5nZcVwInPYja1/OgC9iKYO+ytZRoc5h+0S9/ygbFNoS8Nd0RX9A85stLX/BgiA==",
      "requires": {
        "xss": "1.0.13"
      }
    },
    "@esri/arcgis-rest-fetch": {
      "version": "4.0.0",
      "resolved": "https://registry.npmjs.org/@esri/arcgis-rest-fetch/-/arcgis-rest-fetch-4.0.0.tgz",
      "integrity": "sha512-ybsMO2L4cxx0IaIx0jv6/VbXidZmQIiGD3bvPF1/n1Y1ljHIhCvX+ti54cQSfg/HW2+VAVVnt8EPD/omVhNAyg==",
      "requires": {
        "node-fetch": "^3.0.0"
      }
    },
    "@esri/arcgis-rest-form-data": {
      "version": "4.0.0",
      "resolved": "https://registry.npmjs.org/@esri/arcgis-rest-form-data/-/arcgis-rest-form-data-4.0.0.tgz",
      "integrity": "sha512-cAS9HONIJgseCDdgRCIHBR4CE/OQXZIRP3FoNx/w+XyjVqK6yQiwCeXpYLfHeEZ6GEQqrA9XUBxifWG9UaJyXA==",
      "requires": {
        "formdata-node": "^4.1.0"
      }
    },
    "@esri/arcgis-rest-request": {
      "version": "4.1.2",
      "resolved": "https://registry.npmjs.org/@esri/arcgis-rest-request/-/arcgis-rest-request-4.1.2.tgz",
      "integrity": "sha512-suyJ+026sut+PvwVOlw9diArI1T8M48M6NnuIp5FilFoq7P8l0D0KZGeDClUA9hNTvnY1JnpzQnf0Bx0uoJX4Q==",
      "requires": {
        "@esri/arcgis-rest-fetch": "^4.0.0",
        "@esri/arcgis-rest-form-data": "^4.0.0",
        "mitt": "^3.0.0",
        "tslib": "^2.3.1"
      }
    },
    "@esri/calcite-colors": {
      "version": "6.1.0",
      "resolved": "https://registry.npmjs.org/@esri/calcite-colors/-/calcite-colors-6.1.0.tgz",
      "integrity": "sha512-wHQYWFtDa6c328EraXEVZvgOiaQyYr0yuaaZ0G3cB4C3lSkWefW34L/e5TLAhtuG3zJ/wR6pl5X1YYNfBc0/4Q=="
    },
    "@esri/calcite-components": {
      "version": "1.0.7",
      "resolved": "https://registry.npmjs.org/@esri/calcite-components/-/calcite-components-1.0.7.tgz",
      "integrity": "sha512-Ucw0Ly+hvWl4RDMEcHAv2amMItgMYzCGfJS5M7gnIu9bEXcY2Areo+o0KaqvvdAcIjChsRY9fy05ke3ypw0tuA==",
      "requires": {
        "@floating-ui/dom": "1.1.0",
        "@stencil/core": "2.20.0",
        "@types/color": "3.0.3",
        "color": "4.2.3",
        "focus-trap": "7.2.0",
        "form-request-submit-polyfill": "2.0.0",
        "lodash-es": "4.17.21",
        "sortablejs": "1.15.0"
      }
    },
    "@floating-ui/core": {
      "version": "1.2.1",
      "resolved": "https://registry.npmjs.org/@floating-ui/core/-/core-1.2.1.tgz",
      "integrity": "sha512-LSqwPZkK3rYfD7GKoIeExXOyYx6Q1O4iqZWwIehDNuv3Dv425FIAE8PRwtAx1imEolFTHgBEcoFHm9MDnYgPCg=="
    },
    "@floating-ui/dom": {
      "version": "1.1.0",
      "resolved": "https://registry.npmjs.org/@floating-ui/dom/-/dom-1.1.0.tgz",
      "integrity": "sha512-TSogMPVxbRe77QCj1dt8NmRiJasPvuc+eT5jnJ6YpLqgOD2zXc5UA3S1qwybN+GVCDNdKfpKy1oj8RpzLJvh6A==",
      "requires": {
        "@floating-ui/core": "^1.0.5"
      }
    },
    "@popperjs/core": {
      "version": "2.11.6",
      "resolved": "https://registry.npmjs.org/@popperjs/core/-/core-2.11.6.tgz",
      "integrity": "sha512-50/17A98tWUfQ176raKiOGXuYpLyyVMkxxG6oylzL3BPOlA6ADGdK7EYunSa4I064xerltq9TGXs8HmOk5E+vw=="
    },
    "@stencil/core": {
      "version": "2.20.0",
      "resolved": "https://registry.npmjs.org/@stencil/core/-/core-2.20.0.tgz",
      "integrity": "sha512-ka+eOW+dNteXIfLCRipNbbAlBEQjqJ2fkx3fxzlKgnNHEQMdZiuIjlWt63KzvOJStNeuADdQXo89BB1dC2VRUw=="
    },
    "@types/color": {
      "version": "3.0.3",
      "resolved": "https://registry.npmjs.org/@types/color/-/color-3.0.3.tgz",
      "integrity": "sha512-X//qzJ3d3Zj82J9sC/C18ZY5f43utPbAJ6PhYt/M7uG6etcF6MRpKdN880KBy43B0BMzSfeT96MzrsNjFI3GbA==",
      "requires": {
        "@types/color-convert": "*"
      }
    },
    "@types/color-convert": {
      "version": "2.0.0",
      "resolved": "https://registry.npmjs.org/@types/color-convert/-/color-convert-2.0.0.tgz",
      "integrity": "sha512-m7GG7IKKGuJUXvkZ1qqG3ChccdIM/qBBo913z+Xft0nKCX4hAU/IxKwZBU4cpRZ7GS5kV4vOblUkILtSShCPXQ==",
      "requires": {
        "@types/color-name": "*"
      }
    },
    "@types/color-name": {
      "version": "1.1.1",
      "resolved": "https://registry.npmjs.org/@types/color-name/-/color-name-1.1.1.tgz",
      "integrity": "sha512-rr+OQyAjxze7GgWrSaJwydHStIhHq2lvY3BOC2Mj7KnzI7XK0Uw1TOOdI9lDoajEbSWLiYgoo4f1R51erQfhPQ=="
    },
    "@types/json2csv": {
      "version": "5.0.3",
      "resolved": "https://registry.npmjs.org/@types/json2csv/-/json2csv-5.0.3.tgz",
      "integrity": "sha512-ZJEv6SzhPhgpBpxZU4n/TZekbZqI4EcyXXRwms1lAITG2kIAtj85PfNYafUOY1zy8bWs5ujaub0GU4copaA0sw==",
      "dev": true,
      "requires": {
        "@types/node": "*"
      }
    },
    "@types/node": {
      "version": "17.0.25",
      "resolved": "https://registry.npmjs.org/@types/node/-/node-17.0.25.tgz",
      "integrity": "sha512-wANk6fBrUwdpY4isjWrKTufkrXdu1D2YHCot2fD/DfWxF5sMrVSA+KN7ydckvaTCh0HiqX9IVl0L5/ZoXg5M7w==",
      "dev": true
    },
    "color": {
      "version": "4.2.3",
      "resolved": "https://registry.npmjs.org/color/-/color-4.2.3.tgz",
      "integrity": "sha512-1rXeuUUiGGrykh+CeBdu5Ie7OJwinCgQY0bc7GCRxy5xVHy+moaqkpL/jqQq0MtQOeYcrqEz4abc5f0KtU7W4A==",
      "requires": {
        "color-convert": "^2.0.1",
        "color-string": "^1.9.0"
      }
    },
    "color-convert": {
      "version": "2.0.1",
      "resolved": "https://registry.npmjs.org/color-convert/-/color-convert-2.0.1.tgz",
      "integrity": "sha512-RRECPsj7iu/xb5oKYcsFHSppFNnsj/52OVTRKb4zP5onXwVF3zVmmToNcOfGC+CRDpfK/U584fMg38ZHCaElKQ==",
      "requires": {
        "color-name": "~1.1.4"
      }
    },
    "color-name": {
      "version": "1.1.4",
      "resolved": "https://registry.npmjs.org/color-name/-/color-name-1.1.4.tgz",
      "integrity": "sha512-dOy+3AuW3a2wNbZHIuMZpTcgjGuLU/uBL/ubcZF9OXbDo8ff4O8yVp5Bf0efS8uEoYo5q4Fx7dY9OgQGXgAsQA=="
    },
    "color-string": {
      "version": "1.9.1",
      "resolved": "https://registry.npmjs.org/color-string/-/color-string-1.9.1.tgz",
      "integrity": "sha512-shrVawQFojnZv6xM40anx4CkoDP+fZsw/ZerEMsW/pyzsRbElpsL/DBVW7q3ExxwusdNXI3lXpuhEZkzs8p5Eg==",
      "requires": {
        "color-name": "^1.0.0",
        "simple-swizzle": "^0.2.2"
      }
    },
    "commander": {
      "version": "6.2.1",
      "resolved": "https://registry.npmjs.org/commander/-/commander-6.2.1.tgz",
      "integrity": "sha512-U7VdrJFnJgo4xjrHpTzu0yrHPGImdsmD95ZlgYSEajAn2JKzDhDTPG9kBTefmObL2w/ngeZnilk+OV9CG3d7UA=="
    },
    "cssfilter": {
      "version": "0.0.10",
      "resolved": "https://registry.npmjs.org/cssfilter/-/cssfilter-0.0.10.tgz",
      "integrity": "sha512-FAaLDaplstoRsDR8XGYH51znUN0UY7nMc6Z9/fvE8EXGwvJE9hu7W2vHwx1+bd6gCYnln9nLbzxFTrcO9YQDZw=="
    },
    "data-uri-to-buffer": {
      "version": "4.0.0",
      "resolved": "https://registry.npmjs.org/data-uri-to-buffer/-/data-uri-to-buffer-4.0.0.tgz",
      "integrity": "sha512-Vr3mLBA8qWmcuschSLAOogKgQ/Jwxulv3RNE4FXnYWRGujzrRWQI4m12fQqRkwX06C0KanhLr4hK+GydchZsaA=="
    },
    "fetch-blob": {
      "version": "3.1.5",
      "resolved": "https://registry.npmjs.org/fetch-blob/-/fetch-blob-3.1.5.tgz",
      "integrity": "sha512-N64ZpKqoLejlrwkIAnb9iLSA3Vx/kjgzpcDhygcqJ2KKjky8nCgUQ+dzXtbrLaWZGZNmNfQTsiQ0weZ1svglHg==",
      "requires": {
        "node-domexception": "^1.0.0",
        "web-streams-polyfill": "^3.0.3"
      },
      "dependencies": {
        "web-streams-polyfill": {
          "version": "3.2.1",
          "resolved": "https://registry.npmjs.org/web-streams-polyfill/-/web-streams-polyfill-3.2.1.tgz",
          "integrity": "sha512-e0MO3wdXWKrLbL0DgGnUV7WHVuw9OUvL4hjgnPkIeEvESk74gAITi5G606JtZPp39cd8HA9VQzCIvA49LpPN5Q=="
        }
      }
    },
    "focus-trap": {
      "version": "7.2.0",
      "resolved": "https://registry.npmjs.org/focus-trap/-/focus-trap-7.2.0.tgz",
      "integrity": "sha512-v4wY6HDDYvzkBy4735kW5BUEuw6Yz9ABqMYLuTNbzAFPcBOGiGHwwcNVMvUz4G0kgSYh13wa/7TG3XwTeT4O/A==",
      "requires": {
        "tabbable": "^6.0.1"
      }
    },
    "form-request-submit-polyfill": {
      "version": "2.0.0",
      "resolved": "https://registry.npmjs.org/form-request-submit-polyfill/-/form-request-submit-polyfill-2.0.0.tgz",
      "integrity": "sha512-p0+M92y2gFnP0AuuL8VJ0GYVzAT0bYp3GsSkmPFhvUopdnfDLP/9xplQTBBc4w8qOjKRzdK7GaFcdL9IhlXdTQ=="
    },
    "formdata-node": {
      "version": "4.3.2",
      "resolved": "https://registry.npmjs.org/formdata-node/-/formdata-node-4.3.2.tgz",
      "integrity": "sha512-k7lYJyzDOSL6h917favP8j1L0/wNyylzU+x+1w4p5haGVHNlP58dbpdJhiCUsDbWsa9HwEtLp89obQgXl2e0qg==",
      "requires": {
        "node-domexception": "1.0.0",
        "web-streams-polyfill": "4.0.0-beta.1"
      }
    },
    "formdata-polyfill": {
      "version": "4.0.10",
      "resolved": "https://registry.npmjs.org/formdata-polyfill/-/formdata-polyfill-4.0.10.tgz",
      "integrity": "sha512-buewHzMvYL29jdeQTVILecSaZKnt/RJWjoZCF5OW60Z67/GmSLBkOFM7qh1PI3zFNtJbaZL5eQu1vLfazOwj4g==",
      "requires": {
        "fetch-blob": "^3.1.2"
      }
    },
    "is-arrayish": {
      "version": "0.3.2",
      "resolved": "https://registry.npmjs.org/is-arrayish/-/is-arrayish-0.3.2.tgz",
      "integrity": "sha512-eVRqCvVlZbuw3GrM63ovNSNAeA1K16kaR/LRY/92w0zxQ5/1YzwblUX652i4Xs9RwAGjW9d9y6X88t8OaAJfWQ=="
    },
    "json2csv": {
      "version": "5.0.7",
      "resolved": "https://registry.npmjs.org/json2csv/-/json2csv-5.0.7.tgz",
      "integrity": "sha512-YRZbUnyaJZLZUJSRi2G/MqahCyRv9n/ds+4oIetjDF3jWQA7AG7iSeKTiZiCNqtMZM7HDyt0e/W6lEnoGEmMGA==",
      "requires": {
        "commander": "^6.1.0",
        "jsonparse": "^1.3.1",
        "lodash.get": "^4.4.2"
      }
    },
    "jsonparse": {
      "version": "1.3.1",
      "resolved": "https://registry.npmjs.org/jsonparse/-/jsonparse-1.3.1.tgz",
      "integrity": "sha1-P02uSpH6wxX3EGL4UhzCOfE2YoA="
    },
    "lodash-es": {
      "version": "4.17.21",
      "resolved": "https://registry.npmjs.org/lodash-es/-/lodash-es-4.17.21.tgz",
      "integrity": "sha512-mKnC+QJ9pWVzv+C4/U3rRsHapFfHvQFoFB92e52xeyGMcX6/OlIl78je1u8vePzYZSkkogMPJ2yjxxsb89cxyw=="
    },
    "lodash.get": {
      "version": "4.4.2",
      "resolved": "https://registry.npmjs.org/lodash.get/-/lodash.get-4.4.2.tgz",
      "integrity": "sha1-LRd/ZS+jHpObRDjVNBSZ36OCXpk="
    },
    "luxon": {
      "version": "3.2.1",
      "resolved": "https://registry.npmjs.org/luxon/-/luxon-3.2.1.tgz",
      "integrity": "sha512-QrwPArQCNLAKGO/C+ZIilgIuDnEnKx5QYODdDtbFaxzsbZcc/a7WFq7MhsVYgRlwawLtvOUESTlfJ+hc/USqPg=="
    },
    "mitt": {
      "version": "3.0.0",
      "resolved": "https://registry.npmjs.org/mitt/-/mitt-3.0.0.tgz",
      "integrity": "sha512-7dX2/10ITVyqh4aOSVI9gdape+t9l2/8QxHrFmUXu4EEUpdlxl6RudZUPZoc+zuY2hk1j7XxVroIVIan/pD/SQ=="
    },
    "node-domexception": {
      "version": "1.0.0",
      "resolved": "https://registry.npmjs.org/node-domexception/-/node-domexception-1.0.0.tgz",
      "integrity": "sha512-/jKZoMpw0F8GRwl4/eLROPA3cfcXtLApP0QzLmUT/HuPCZWyB7IY9ZrMeKw2O/nFIqPQB3PVM9aYm0F312AXDQ=="
    },
    "node-fetch": {
      "version": "3.3.0",
      "resolved": "https://registry.npmjs.org/node-fetch/-/node-fetch-3.3.0.tgz",
      "integrity": "sha512-BKwRP/O0UvoMKp7GNdwPlObhYGB5DQqwhEDQlNKuoqwVYSxkSZCSbHjnFFmUEtwSKRPU4kNK8PbDYYitwaE3QA==",
      "requires": {
        "data-uri-to-buffer": "^4.0.0",
        "fetch-blob": "^3.1.4",
        "formdata-polyfill": "^4.0.10"
      }
    },
    "simple-swizzle": {
      "version": "0.2.2",
      "resolved": "https://registry.npmjs.org/simple-swizzle/-/simple-swizzle-0.2.2.tgz",
      "integrity": "sha512-JA//kQgZtbuY83m+xT+tXJkmJncGMTFT+C+g2h2R9uxkYIrE2yy9sgmcLhCnw57/WSD+Eh3J97FPEDFnbXnDUg==",
      "requires": {
        "is-arrayish": "^0.3.1"
      }
    },
    "sortablejs": {
      "version": "1.15.0",
      "resolved": "https://registry.npmjs.org/sortablejs/-/sortablejs-1.15.0.tgz",
      "integrity": "sha512-bv9qgVMjUMf89wAvM6AxVvS/4MX3sPeN0+agqShejLU5z5GX4C75ow1O2e5k4L6XItUyAK3gH6AxSbXrOM5e8w=="
    },
    "tabbable": {
      "version": "6.1.1",
      "resolved": "https://registry.npmjs.org/tabbable/-/tabbable-6.1.1.tgz",
      "integrity": "sha512-4kl5w+nCB44EVRdO0g/UGoOp3vlwgycUVtkk/7DPyeLZUCuNFFKCFG6/t/DgHLrUPHjrZg6s5tNm+56Q2B0xyg=="
    },
    "tslib": {
      "version": "2.4.0",
      "resolved": "https://registry.npmjs.org/tslib/-/tslib-2.4.0.tgz",
      "integrity": "sha512-d6xOpEDfsi2CZVlPQzGeux8XMwLT9hssAsaPYExaQMuYskwb+x1x7J371tWlbBdWHroy99KnVB6qIkUbs5X3UQ=="
    },
    "web-streams-polyfill": {
      "version": "4.0.0-beta.1",
      "resolved": "https://registry.npmjs.org/web-streams-polyfill/-/web-streams-polyfill-4.0.0-beta.1.tgz",
      "integrity": "sha512-3ux37gEX670UUphBF9AMCq8XM6iQ8Ac6A+DSRRjDoRBm1ufCkaCDdNVbaqq60PsEkdNlLKrGtv/YBP4EJXqNtQ=="
    },
    "xss": {
      "version": "1.0.13",
      "resolved": "https://registry.npmjs.org/xss/-/xss-1.0.13.tgz",
      "integrity": "sha512-clu7dxTm1e8Mo5fz3n/oW3UCXBfV89xZ72jM8yzo1vR/pIS0w3sgB3XV2H8Vm6zfGnHL0FzvLJPJEBhd86/z4Q==",
      "requires": {
        "commander": "^2.20.3",
        "cssfilter": "0.0.10"
      },
      "dependencies": {
        "commander": {
          "version": "2.20.3",
          "resolved": "https://registry.npmjs.org/commander/-/commander-2.20.3.tgz",
          "integrity": "sha512-GpVkmM8vF2vQUkj2LvZmD35JxeJOLCwJ9cUkugyk2nuhbv3+mJvpLYYt+0+USMxE+oj+ey/lJEnhZw75x/OMcQ=="
        }
      }
    }
  }
}
